
Microsoft Visual Studio Solution File, Format Version 12.00
# Visual Studio Version 16
VisualStudioVersion = 16.0.32929.386
MinimumVisualStudioVersion = 10.0.40219.1
Project("{FAE04EC0-301F-11D3-BF4B-00C04F79EFBC}") = "MOCProject", "MOCProject\MOCProject.csproj", "{5D192891-BAC8-496D-AB6C-343C1E5FA038}"
EndProject
Global
	GlobalSection(SolutionConfigurationPlatforms) = preSolution
		Debug|Any CPU = Debug|Any CPU
		Release|Any CPU = Release|Any CPU
	EndGlobalSection
	GlobalSection(ProjectConfigurationPlatforms) = postSolution
		{5D192891-BAC8-496D-AB6C-343C1E5FA038}.Debug|Any CPU.ActiveCfg = Debug|Any CPU
		{5D192891-BAC8-496D-AB6C-343C1E5FA038}.Debug|Any CPU.Build.0 = Debug|Any CPU
		{5D192891-BAC8-496D-AB6C-343C1E5FA038}.Release|Any CPU.ActiveCfg = Release|Any CPU
		{5D192891-BAC8-496D-AB6C-343C1E5FA038}.Release|Any CPU.Build.0 = Release|Any CPU
	EndGlobalSection
	GlobalSection(SolutionProperties) = preSolution
		HideSolutionNode = FALSE
	EndGlobalSection
	GlobalSection(ExtensibilityGlobals) = postSolution
		SolutionGuid = {C5329A2D-A830-4F89-90AD-E904D226EFCF}
	EndGlobalSection
EndGlobal
